
Microsoft Visual Studio Solution File, Format Version 12.00
# Visual Studio Version 17
VisualStudioVersion = 17.14.36414.22
MinimumVisualStudioVersion = 10.0.40219.1
Project("{2150E333-8FDC-42A3-9474-1A3956D46DE8}") = "solution items", "solution items", "{02EA681E-C7D8-13C7-8484-4AC65E1B71E8}"
EndProject
Project("{2150E333-8FDC-42A3-9474-1A3956D46DE8}") = "src", "src", "{B2B6C821-82A5-4AFC-B481-4B399DFB383A}"
EndProject
Project("{2150E333-8FDC-42A3-9474-1A3956D46DE8}") = "tests", "tests", "{768EDF1C-DF60-4AF3-BDCD-1B17340C3E4E}"
EndProject
Project("{FAE04EC0-301F-11D3-BF4B-00C04F79EFBC}") = "Flume", "src\Flume\Flume.csproj", "{65CCB089-88FF-42B4-8BE8-17B503D89AC2}"
EndProject
Project("{2150E333-8FDC-42A3-9474-1A3956D46DE8}") = "github", "github", "{8977F49A-69A1-4162-B457-27BDBBD3CB66}"
EndProject
Project("{2150E333-8FDC-42A3-9474-1A3956D46DE8}") = "workflows", "workflows", "{E0245591-7AA6-4AAE-A535-74FF50F86845}"
	ProjectSection(SolutionItems) = preProject
		.github\workflows\ci-cd.yml = .github\workflows\ci-cd.yml
		.github\workflows\pull-request.yml = .github\workflows\pull-request.yml
	EndProjectSection
EndProject
Project("{2150E333-8FDC-42A3-9474-1A3956D46DE8}") = "environments", "environments", "{2A08C65B-7CE1-48B6-9B5C-EFB31BE253F3}"
	ProjectSection(SolutionItems) = preProject
		.github\environments\production.yml = .github\environments\production.yml
	EndProjectSection
EndProject
Project("{2150E333-8FDC-42A3-9474-1A3956D46DE8}") = "docs", "docs", "{32CF2C5E-F038-4C27-BB51-D2000354537D}"
	ProjectSection(SolutionItems) = preProject
		BRANCHING_STRATEGY.md = BRANCHING_STRATEGY.md
		LICENSE = LICENSE
		PERFORMANCE.md = PERFORMANCE.md
		README.md = README.md
	EndProjectSection
EndProject
Project("{2150E333-8FDC-42A3-9474-1A3956D46DE8}") = "shared", "shared", "{D358AB76-E366-472F-AC0C-608283A07360}"
	ProjectSection(SolutionItems) = preProject
		.editorconfig = .editorconfig
		.gitignore = .gitignore
		Directory.Build.props = Directory.Build.props
		nuget.config = nuget.config
	EndProjectSection
EndProject
Project("{FAE04EC0-301F-11D3-BF4B-00C04F79EFBC}") = "Flume.Tests", "tests\Flume.Tests\Flume.Tests.csproj", "{6E94D8DA-CC62-23F0-99B0-C883EDFFE1E0}"
EndProject
Project("{2150E333-8FDC-42A3-9474-1A3956D46DE8}") = "examples", "examples", "{AEE01B90-5E9F-43B4-B614-1FBA0B541A18}"
EndProject
Project("{FAE04EC0-301F-11D3-BF4B-00C04F79EFBC}") = "Flume.Samples", "examples\Flume.Samples\Flume.Samples.csproj", "{55F21876-6992-4D5A-4547-4382F48163DE}"
EndProject
Project("{FAE04EC0-301F-11D3-BF4B-00C04F79EFBC}") = "Flume.Comparison", "examples\Flume.Comparison\Flume.Comparison.csproj", "{E9AF7C73-C719-3AFC-5BEE-DAAF4F214F8B}"
EndProject
Project("{FAE04EC0-301F-11D3-BF4B-00C04F79EFBC}") = "Flume.Behaviors", "src\Flume.Behaviors\Flume.Behaviors.csproj", "{C5DD06A8-8980-4472-95CB-C5A5FA06F6BB}"
EndProject
Project("{FAE04EC0-301F-11D3-BF4B-00C04F79EFBC}") = "Flume.Behaviors.Tests", "tests\Flume.Behaviors.Tests\Flume.Behaviors.Tests.csproj", "{0B656612-4D19-442C-A0E7-8EF48FC9BAD7}"
EndProject
Global
	GlobalSection(SolutionConfigurationPlatforms) = preSolution
		Debug|Any CPU = Debug|Any CPU
		Release|Any CPU = Release|Any CPU
	EndGlobalSection
	GlobalSection(ProjectConfigurationPlatforms) = postSolution
		{65CCB089-88FF-42B4-8BE8-17B503D89AC2}.Debug|Any CPU.ActiveCfg = Debug|Any CPU
		{65CCB089-88FF-42B4-8BE8-17B503D89AC2}.Debug|Any CPU.Build.0 = Debug|Any CPU
		{65CCB089-88FF-42B4-8BE8-17B503D89AC2}.Release|Any CPU.ActiveCfg = Release|Any CPU
		{65CCB089-88FF-42B4-8BE8-17B503D89AC2}.Release|Any CPU.Build.0 = Release|Any CPU
		{6E94D8DA-CC62-23F0-99B0-C883EDFFE1E0}.Debug|Any CPU.ActiveCfg = Debug|Any CPU
		{6E94D8DA-CC62-23F0-99B0-C883EDFFE1E0}.Debug|Any CPU.Build.0 = Debug|Any CPU
		{6E94D8DA-CC62-23F0-99B0-C883EDFFE1E0}.Release|Any CPU.ActiveCfg = Release|Any CPU
		{6E94D8DA-CC62-23F0-99B0-C883EDFFE1E0}.Release|Any CPU.Build.0 = Release|Any CPU
		{55F21876-6992-4D5A-4547-4382F48163DE}.Debug|Any CPU.ActiveCfg = Debug|Any CPU
		{55F21876-6992-4D5A-4547-4382F48163DE}.Debug|Any CPU.Build.0 = Debug|Any CPU
		{55F21876-6992-4D5A-4547-4382F48163DE}.Release|Any CPU.ActiveCfg = Release|Any CPU
		{55F21876-6992-4D5A-4547-4382F48163DE}.Release|Any CPU.Build.0 = Release|Any CPU
		{E9AF7C73-C719-3AFC-5BEE-DAAF4F214F8B}.Debug|Any CPU.ActiveCfg = Debug|Any CPU
		{E9AF7C73-C719-3AFC-5BEE-DAAF4F214F8B}.Debug|Any CPU.Build.0 = Debug|Any CPU
		{E9AF7C73-C719-3AFC-5BEE-DAAF4F214F8B}.Release|Any CPU.ActiveCfg = Release|Any CPU
		{E9AF7C73-C719-3AFC-5BEE-DAAF4F214F8B}.Release|Any CPU.Build.0 = Release|Any CPU
		{C5DD06A8-8980-4472-95CB-C5A5FA06F6BB}.Debug|Any CPU.ActiveCfg = Debug|Any CPU
		{C5DD06A8-8980-4472-95CB-C5A5FA06F6BB}.Debug|Any CPU.Build.0 = Debug|Any CPU
		{C5DD06A8-8980-4472-95CB-C5A5FA06F6BB}.Release|Any CPU.ActiveCfg = Release|Any CPU
		{C5DD06A8-8980-4472-95CB-C5A5FA06F6BB}.Release|Any CPU.Build.0 = Release|Any CPU
		{0B656612-4D19-442C-A0E7-8EF48FC9BAD7}.Debug|Any CPU.ActiveCfg = Debug|Any CPU
		{0B656612-4D19-442C-A0E7-8EF48FC9BAD7}.Debug|Any CPU.Build.0 = Debug|Any CPU
		{0B656612-4D19-442C-A0E7-8EF48FC9BAD7}.Release|Any CPU.ActiveCfg = Release|Any CPU
		{0B656612-4D19-442C-A0E7-8EF48FC9BAD7}.Release|Any CPU.Build.0 = Release|Any CPU
	EndGlobalSection
	GlobalSection(SolutionProperties) = preSolution
		HideSolutionNode = FALSE
	EndGlobalSection
	GlobalSection(NestedProjects) = preSolution
		{65CCB089-88FF-42B4-8BE8-17B503D89AC2} = {B2B6C821-82A5-4AFC-B481-4B399DFB383A}
		{8977F49A-69A1-4162-B457-27BDBBD3CB66} = {02EA681E-C7D8-13C7-8484-4AC65E1B71E8}
		{E0245591-7AA6-4AAE-A535-74FF50F86845} = {8977F49A-69A1-4162-B457-27BDBBD3CB66}
		{2A08C65B-7CE1-48B6-9B5C-EFB31BE253F3} = {8977F49A-69A1-4162-B457-27BDBBD3CB66}
		{32CF2C5E-F038-4C27-BB51-D2000354537D} = {02EA681E-C7D8-13C7-8484-4AC65E1B71E8}
		{D358AB76-E366-472F-AC0C-608283A07360} = {02EA681E-C7D8-13C7-8484-4AC65E1B71E8}
		{6E94D8DA-CC62-23F0-99B0-C883EDFFE1E0} = {768EDF1C-DF60-4AF3-BDCD-1B17340C3E4E}
		{55F21876-6992-4D5A-4547-4382F48163DE} = {AEE01B90-5E9F-43B4-B614-1FBA0B541A18}
		{E9AF7C73-C719-3AFC-5BEE-DAAF4F214F8B} = {AEE01B90-5E9F-43B4-B614-1FBA0B541A18}
		{C5DD06A8-8980-4472-95CB-C5A5FA06F6BB} = {B2B6C821-82A5-4AFC-B481-4B399DFB383A}
		{0B656612-4D19-442C-A0E7-8EF48FC9BAD7} = {768EDF1C-DF60-4AF3-BDCD-1B17340C3E4E}
	EndGlobalSection
	GlobalSection(ExtensibilityGlobals) = postSolution
		SolutionGuid = {FB058467-CD2E-441E-8EBE-64B393F92C76}
	EndGlobalSection
EndGlobal
